
Microsoft Visual Studio Solution File, Format Version 12.00
# Visual Studio Version 16
VisualStudioVersion = 16.0.29911.84
MinimumVisualStudioVersion = 10.0.40219.1
Project("{8BC9CEB8-8B4A-11D0-8D11-00A0C91BC942}") = "HCI_PROJCET", "HCI_PROJCET\HCI_PROJCET.vcxproj", "{137A3A31-2B1B-439D-BC2C-3E6B6E250210}"
EndProject
Global
	GlobalSection(SolutionConfigurationPlatforms) = preSolution
		Debug|x64 = Debug|x64
		Debug|x86 = Debug|x86
		Release|x64 = Release|x64
		Release|x86 = Release|x86
	EndGlobalSection
	GlobalSection(ProjectConfigurationPlatforms) = postSolution
		{137A3A31-2B1B-439D-BC2C-3E6B6E250210}.Debug|x64.ActiveCfg = Debug|x64
		{137A3A31-2B1B-439D-BC2C-3E6B6E250210}.Debug|x64.Build.0 = Debug|x64
		{137A3A31-2B1B-439D-BC2C-3E6B6E250210}.Debug|x86.ActiveCfg = Debug|Win32
		{137A3A31-2B1B-439D-BC2C-3E6B6E250210}.Debug|x86.Build.0 = Debug|Win32
		{137A3A31-2B1B-439D-BC2C-3E6B6E250210}.Release|x64.ActiveCfg = Release|x64
		{137A3A31-2B1B-439D-BC2C-3E6B6E250210}.Release|x64.Build.0 = Release|x64
		{137A3A31-2B1B-439D-BC2C-3E6B6E250210}.Release|x86.ActiveCfg = Release|Win32
		{137A3A31-2B1B-439D-BC2C-3E6B6E250210}.Release|x86.Build.0 = Release|Win32
	EndGlobalSection
	GlobalSection(SolutionProperties) = preSolution
		HideSolutionNode = FALSE
	EndGlobalSection
	GlobalSection(ExtensibilityGlobals) = postSolution
		SolutionGuid = {C2CAE983-E1E3-4EAD-A39F-6E6FB8B0D9F2}
	EndGlobalSection
EndGlobal
